// !$*UTF8*$!
{
	archiveVersion = 1;
	classes = {
	};
	objectVersion = 50;
	objects = {

/* Begin PBXBuildFile section */
		9C3FDE7826DFE654008579E7 /* AppDelegate.swift in Sources */ = {isa = PBXBuildFile; fileRef = 9C3FDE7726DFE654008579E7 /* AppDelegate.swift */; };
		9C3FDE7A26DFE654008579E7 /* SceneDelegate.swift in Sources */ = {isa = PBXBuildFile; fileRef = 9C3FDE7926DFE654008579E7 /* SceneDelegate.swift */; };
		9C3FDE7C26DFE654008579E7 /* ViewController.swift in Sources */ = {isa = PBXBuildFile; fileRef = 9C3FDE7B26DFE654008579E7 /* ViewController.swift */; };
		9C3FDE7F26DFE654008579E7 /* Main.storyboard in Resources */ = {isa = PBXBuildFile; fileRef = 9C3FDE7D26DFE654008579E7 /* Main.storyboard */; };
		9C3FDE8126DFE657008579E7 /* Assets.xcassets in Resources */ = {isa = PBXBuildFile; fileRef = 9C3FDE8026DFE657008579E7 /* Assets.xcassets */; };
		9C3FDE8426DFE657008579E7 /* LaunchScreen.storyboard in Resources */ = {isa = PBXBuildFile; fileRef = 9C3FDE8226DFE657008579E7 /* LaunchScreen.storyboard */; };
		9C3FDE8F26DFE657008579E7 /* StringsDesignSampleTests.swift in Sources */ = {isa = PBXBuildFile; fileRef = 9C3FDE8E26DFE657008579E7 /* StringsDesignSampleTests.swift */; };
		9C3FDE9A26DFE657008579E7 /* StringsDesignSampleUITests.swift in Sources */ = {isa = PBXBuildFile; fileRef = 9C3FDE9926DFE657008579E7 /* StringsDesignSampleUITests.swift */; };
		9C3FDEA826DFE68D008579E7 /* Test.strings in Resources */ = {isa = PBXBuildFile; fileRef = 9C3FDEA726DFE68D008579E7 /* Test.strings */; };
/* End PBXBuildFile section */

/* Begin PBXContainerItemProxy section */
		9C3FDE8B26DFE657008579E7 /* PBXContainerItemProxy */ = {
			isa = PBXContainerItemProxy;
			containerPortal = 9C3FDE6C26DFE654008579E7 /* Project object */;
			proxyType = 1;
			remoteGlobalIDString = 9C3FDE7326DFE654008579E7;
			remoteInfo = StringsDesignSample;
		};
		9C3FDE9626DFE657008579E7 /* PBXContainerItemProxy */ = {
			isa = PBXContainerItemProxy;
			containerPortal = 9C3FDE6C26DFE654008579E7 /* Project object */;
			proxyType = 1;
			remoteGlobalIDString = 9C3FDE7326DFE654008579E7;
			remoteInfo = StringsDesignSample;
		};
/* End PBXContainerItemProxy section */

/* Begin PBXFileReference section */
		9C3FDE7426DFE654008579E7 /* StringsDesignSample.app */ = {isa = PBXFileReference; explicitFileType = wrapper.application; includeInIndex = 0; path = StringsDesignSample.app; sourceTree = BUILT_PRODUCTS_DIR; };
		9C3FDE7726DFE654008579E7 /* AppDelegate.swift */ = {isa = PBXFileReference; lastKnownFileType = sourcecode.swift; path = AppDelegate.swift; sourceTree = "<group>"; };
		9C3FDE7926DFE654008579E7 /* SceneDelegate.swift */ = {isa = PBXFileReference; lastKnownFileType = sourcecode.swift; path = SceneDelegate.swift; sourceTree = "<group>"; };
		9C3FDE7B26DFE654008579E7 /* ViewController.swift */ = {isa = PBXFileReference; lastKnownFileType = sourcecode.swift; path = ViewController.swift; sourceTree = "<group>"; };
		9C3FDE7E26DFE654008579E7 /* Base */ = {isa = PBXFileReference; lastKnownFileType = file.storyboard; name = Base; path = Base.lproj/Main.storyboard; sourceTree = "<group>"; };
		9C3FDE8026DFE657008579E7 /* Assets.xcassets */ = {isa = PBXFileReference; lastKnownFileType = folder.assetcatalog; path = Assets.xcassets; sourceTree = "<group>"; };
		9C3FDE8326DFE657008579E7 /* Base */ = {isa = PBXFileReference; lastKnownFileType = file.storyboard; name = Base; path = Base.lproj/LaunchScreen.storyboard; sourceTree = "<group>"; };
		9C3FDE8526DFE657008579E7 /* Info.plist */ = {isa = PBXFileReference; lastKnownFileType = text.plist.xml; path = Info.plist; sourceTree = "<group>"; };
		9C3FDE8A26DFE657008579E7 /* StringsDesignSampleTests.xctest */ = {isa = PBXFileReference; explicitFileType = wrapper.cfbundle; includeInIndex = 0; path = StringsDesignSampleTests.xctest; sourceTree = BUILT_PRODUCTS_DIR; };
		9C3FDE8E26DFE657008579E7 /* StringsDesignSampleTests.swift */ = {isa = PBXFileReference; lastKnownFileType = sourcecode.swift; path = StringsDesignSampleTests.swift; sourceTree = "<group>"; };
		9C3FDE9026DFE657008579E7 /* Info.plist */ = {isa = PBXFileReference; lastKnownFileType = text.plist.xml; path = Info.plist; sourceTree = "<group>"; };
		9C3FDE9526DFE657008579E7 /* StringsDesignSampleUITests.xctest */ = {isa = PBXFileReference; explicitFileType = wrapper.cfbundle; includeInIndex = 0; path = StringsDesignSampleUITests.xctest; sourceTree = BUILT_PRODUCTS_DIR; };
		9C3FDE9926DFE657008579E7 /* StringsDesignSampleUITests.swift */ = {isa = PBXFileReference; lastKnownFileType = sourcecode.swift; path = StringsDesignSampleUITests.swift; sourceTree = "<group>"; };
		9C3FDE9B26DFE657008579E7 /* Info.plist */ = {isa = PBXFileReference; lastKnownFileType = text.plist.xml; path = Info.plist; sourceTree = "<group>"; };
		9C3FDEA726DFE68D008579E7 /* Test.strings */ = {isa = PBXFileReference; lastKnownFileType = text.plist.strings; path = Test.strings; sourceTree = "<group>"; };
/* End PBXFileReference section */

/* Begin PBXFrameworksBuildPhase section */
		9C3FDE7126DFE654008579E7 /* Frameworks */ = {
			isa = PBXFrameworksBuildPhase;
			buildActionMask = 2147483647;
			files = (
			);
			runOnlyForDeploymentPostprocessing = 0;
		};
		9C3FDE8726DFE657008579E7 /* Frameworks */ = {
			isa = PBXFrameworksBuildPhase;
			buildActionMask = 2147483647;
			files = (
			);
			runOnlyForDeploymentPostprocessing = 0;
		};
		9C3FDE9226DFE657008579E7 /* Frameworks */ = {
			isa = PBXFrameworksBuildPhase;
			buildActionMask = 2147483647;
			files = (
			);
			runOnlyForDeploymentPostprocessing = 0;
		};
/* End PBXFrameworksBuildPhase section */

/* Begin PBXGroup section */
		9C3FDE6B26DFE654008579E7 = {
			isa = PBXGroup;
			children = (
				9C3FDE7626DFE654008579E7 /* StringsDesignSample */,
				9C3FDE8D26DFE657008579E7 /* StringsDesignSampleTests */,
				9C3FDE9826DFE657008579E7 /* StringsDesignSampleUITests */,
				9C3FDE7526DFE654008579E7 /* Products */,
			);
			sourceTree = "<group>";
		};
		9C3FDE7526DFE654008579E7 /* Products */ = {
			isa = PBXGroup;
			children = (
				9C3FDE7426DFE654008579E7 /* StringsDesignSample.app */,
				9C3FDE8A26DFE657008579E7 /* StringsDesignSampleTests.xctest */,
				9C3FDE9526DFE657008579E7 /* StringsDesignSampleUITests.xctest */,
			);
			name = Products;
			sourceTree = "<group>";
		};
		9C3FDE7626DFE654008579E7 /* StringsDesignSample */ = {
			isa = PBXGroup;
			children = (
				9C3FDE7726DFE654008579E7 /* AppDelegate.swift */,
				9C3FDE7926DFE654008579E7 /* SceneDelegate.swift */,
				9C3FDE7B26DFE654008579E7 /* ViewController.swift */,
				9C3FDE7D26DFE654008579E7 /* Main.storyboard */,
				9C3FDE8026DFE657008579E7 /* Assets.xcassets */,
				9C3FDE8226DFE657008579E7 /* LaunchScreen.storyboard */,
				9C3FDE8526DFE657008579E7 /* Info.plist */,
				9C3FDEA726DFE68D008579E7 /* Test.strings */,
			);
			path = StringsDesignSample;
			sourceTree = "<group>";
		};
		9C3FDE8D26DFE657008579E7 /* StringsDesignSampleTests */ = {
			isa = PBXGroup;
			children = (
				9C3FDE8E26DFE657008579E7 /* StringsDesignSampleTests.swift */,
				9C3FDE9026DFE657008579E7 /* Info.plist */,
			);
			path = StringsDesignSampleTests;
			sourceTree = "<group>";
		};
		9C3FDE9826DFE657008579E7 /* StringsDesignSampleUITests */ = {
			isa = PBXGroup;
			children = (
				9C3FDE9926DFE657008579E7 /* StringsDesignSampleUITests.swift */,
				9C3FDE9B26DFE657008579E7 /* Info.plist */,
			);
			path = StringsDesignSampleUITests;
			sourceTree = "<group>";
		};
/* End PBXGroup section */

/* Begin PBXNativeTarget section */
		9C3FDE7326DFE654008579E7 /* StringsDesignSample */ = {
			isa = PBXNativeTarget;
			buildConfigurationList = 9C3FDE9E26DFE657008579E7 /* Build configuration list for PBXNativeTarget "StringsDesignSample" */;
			buildPhases = (
				9C3FDE7026DFE654008579E7 /* Sources */,
				9C3FDE7126DFE654008579E7 /* Frameworks */,
				9C3FDE7226DFE654008579E7 /* Resources */,
			);
			buildRules = (
			);
			dependencies = (
			);
			name = StringsDesignSample;
			productName = StringsDesignSample;
			productReference = 9C3FDE7426DFE654008579E7 /* StringsDesignSample.app */;
			productType = "com.apple.product-type.application";
		};
		9C3FDE8926DFE657008579E7 /* StringsDesignSampleTests */ = {
			isa = PBXNativeTarget;
			buildConfigurationList = 9C3FDEA126DFE657008579E7 /* Build configuration list for PBXNativeTarget "StringsDesignSampleTests" */;
			buildPhases = (
				9C3FDE8626DFE657008579E7 /* Sources */,
				9C3FDE8726DFE657008579E7 /* Frameworks */,
				9C3FDE8826DFE657008579E7 /* Resources */,
			);
			buildRules = (
			);
			dependencies = (
				9C3FDE8C26DFE657008579E7 /* PBXTargetDependency */,
			);
			name = StringsDesignSampleTests;
			productName = StringsDesignSampleTests;
			productReference = 9C3FDE8A26DFE657008579E7 /* StringsDesignSampleTests.xctest */;
			productType = "com.apple.product-type.bundle.unit-test";
		};
		9C3FDE9426DFE657008579E7 /* StringsDesignSampleUITests */ = {
			isa = PBXNativeTarget;
			buildConfigurationList = 9C3FDEA426DFE657008579E7 /* Build configuration list for PBXNativeTarget "StringsDesignSampleUITests" */;
			buildPhases = (
				9C3FDE9126DFE657008579E7 /* Sources */,
				9C3FDE9226DFE657008579E7 /* Frameworks */,
				9C3FDE9326DFE657008579E7 /* Resources */,
			);
			buildRules = (
			);
			dependencies = (
				9C3FDE9726DFE657008579E7 /* PBXTargetDependency */,
			);
			name = StringsDesignSampleUITests;
			productName = StringsDesignSampleUITests;
			productReference = 9C3FDE9526DFE657008579E7 /* StringsDesignSampleUITests.xctest */;
			productType = "com.apple.product-type.bundle.ui-testing";
		};
/* End PBXNativeTarget section */

/* Begin PBXProject section */
		9C3FDE6C26DFE654008579E7 /* Project object */ = {
			isa = PBXProject;
			attributes = {
				LastSwiftUpdateCheck = 1250;
				LastUpgradeCheck = 1250;
				TargetAttributes = {
					9C3FDE7326DFE654008579E7 = {
						CreatedOnToolsVersion = 12.5;
					};
					9C3FDE8926DFE657008579E7 = {
						CreatedOnToolsVersion = 12.5;
						TestTargetID = 9C3FDE7326DFE654008579E7;
					};
					9C3FDE9426DFE657008579E7 = {
						CreatedOnToolsVersion = 12.5;
						TestTargetID = 9C3FDE7326DFE654008579E7;
					};
				};
			};
			buildConfigurationList = 9C3FDE6F26DFE654008579E7 /* Build configuration list for PBXProject "StringsDesignSample" */;
			compatibilityVersion = "Xcode 9.3";
			developmentRegion = en;
			hasScannedForEncodings = 0;
			knownRegions = (
				en,
				Base,
			);
			mainGroup = 9C3FDE6B26DFE654008579E7;
			productRefGroup = 9C3FDE7526DFE654008579E7 /* Products */;
			projectDirPath = "";
			projectRoot = "";
			targets = (
				9C3FDE7326DFE654008579E7 /* StringsDesignSample */,
				9C3FDE8926DFE657008579E7 /* StringsDesignSampleTests */,
				9C3FDE9426DFE657008579E7 /* StringsDesignSampleUITests */,
			);
		};
/* End PBXProject section */

/* Begin PBXResourcesBuildPhase section */
		9C3FDE7226DFE654008579E7 /* Resources */ = {
			isa = PBXResourcesBuildPhase;
			buildActionMask = 2147483647;
			files = (
				9C3FDEA826DFE68D008579E7 /* Test.strings in Resources */,
				9C3FDE8426DFE657008579E7 /* LaunchScreen.storyboard in Resources */,
				9C3FDE8126DFE657008579E7 /* Assets.xcassets in Resources */,
				9C3FDE7F26DFE654008579E7 /* Main.storyboard in Resources */,
			);
			runOnlyForDeploymentPostprocessing = 0;
		};
		9C3FDE8826DFE657008579E7 /* Resources */ = {
			isa = PBXResourcesBuildPhase;
			buildActionMask = 2147483647;
			files = (
			);
			runOnlyForDeploymentPostprocessing = 0;
		};
		9C3FDE9326DFE657008579E7 /* Resources */ = {
			isa = PBXResourcesBuildPhase;
			buildActionMask = 2147483647;
			files = (
			);
			runOnlyForDeploymentPostprocessing = 0;
		};
/* End PBXResourcesBuildPhase section */

/* Begin PBXSourcesBuildPhase section */
		9C3FDE7026DFE654008579E7 /* Sources */ = {
			isa = PBXSourcesBuildPhase;
			buildActionMask = 2147483647;
			files = (
				9C3FDE7C26DFE654008579E7 /* ViewController.swift in Sources */,
				9C3FDE7826DFE654008579E7 /* AppDelegate.swift in Sources */,
				9C3FDE7A26DFE654008579E7 /* SceneDelegate.swift in Sources */,
			);
			runOnlyForDeploymentPostprocessing = 0;
		};
		9C3FDE8626DFE657008579E7 /* Sources */ = {
			isa = PBXSourcesBuildPhase;
			buildActionMask = 2147483647;
			files = (
				9C3FDE8F26DFE657008579E7 /* StringsDesignSampleTests.swift in Sources */,
			);
			runOnlyForDeploymentPostprocessing = 0;
		};
		9C3FDE9126DFE657008579E7 /* Sources */ = {
			isa = PBXSourcesBuildPhase;
			buildActionMask = 2147483647;
			files = (
				9C3FDE9A26DFE657008579E7 /* StringsDesignSampleUITests.swift in Sources */,
			);
			runOnlyForDeploymentPostprocessing = 0;
		};
/* End PBXSourcesBuildPhase section */

/* Begin PBXTargetDependency section */
		9C3FDE8C26DFE657008579E7 /* PBXTargetDependency */ = {
			isa = PBXTargetDependency;
			target = 9C3FDE7326DFE654008579E7 /* StringsDesignSample */;
			targetProxy = 9C3FDE8B26DFE657008579E7 /* PBXContainerItemProxy */;
		};
		9C3FDE9726DFE657008579E7 /* PBXTargetDependency */ = {
			isa = PBXTargetDependency;
			target = 9C3FDE7326DFE654008579E7 /* StringsDesignSample */;
			targetProxy = 9C3FDE9626DFE657008579E7 /* PBXContainerItemProxy */;
		};
/* End PBXTargetDependency section */

/* Begin PBXVariantGroup section */
		9C3FDE7D26DFE654008579E7 /* Main.storyboard */ = {
			isa = PBXVariantGroup;
			children = (
				9C3FDE7E26DFE654008579E7 /* Base */,
			);
			name = Main.storyboard;
			sourceTree = "<group>";
		};
		9C3FDE8226DFE657008579E7 /* LaunchScreen.storyboard */ = {
			isa = PBXVariantGroup;
			children = (
				9C3FDE8326DFE657008579E7 /* Base */,
			);
			name = LaunchScreen.storyboard;
			sourceTree = "<group>";
		};
/* End PBXVariantGroup section */

/* Begin XCBuildConfiguration section */
		9C3FDE9C26DFE657008579E7 /* Debug */ = {
			isa = XCBuildConfiguration;
			buildSettings = {
				ALWAYS_SEARCH_USER_PATHS = NO;
				CLANG_ANALYZER_NONNULL = YES;
				CLANG_ANALYZER_NUMBER_OBJECT_CONVERSION = YES_AGGRESSIVE;
				CLANG_CXX_LANGUAGE_STANDARD = "gnu++14";
				CLANG_CXX_LIBRARY = "libc++";
				CLANG_ENABLE_MODULES = YES;
				CLANG_ENABLE_OBJC_ARC = YES;
				CLANG_ENABLE_OBJC_WEAK = YES;
				CLANG_WARN_BLOCK_CAPTURE_AUTORELEASING = YES;
				CLANG_WARN_BOOL_CONVERSION = YES;
				CLANG_WARN_COMMA = YES;
				CLANG_WARN_CONSTANT_CONVERSION = YES;
				CLANG_WARN_DEPRECATED_OBJC_IMPLEMENTATIONS = YES;
				CLANG_WARN_DIRECT_OBJC_ISA_USAGE = YES_ERROR;
				CLANG_WARN_DOCUMENTATION_COMMENTS = YES;
				CLANG_WARN_EMPTY_BODY = YES;
				CLANG_WARN_ENUM_CONVERSION = YES;
				CLANG_WARN_INFINITE_RECURSION = YES;
				CLANG_WARN_INT_CONVERSION = YES;
				CLANG_WARN_NON_LITERAL_NULL_CONVERSION = YES;
				CLANG_WARN_OBJC_IMPLICIT_RETAIN_SELF = YES;
				CLANG_WARN_OBJC_LITERAL_CONVERSION = YES;
				CLANG_WARN_OBJC_ROOT_CLASS = YES_ERROR;
				CLANG_WARN_QUOTED_INCLUDE_IN_FRAMEWORK_HEADER = YES;
				CLANG_WARN_RANGE_LOOP_ANALYSIS = YES;
				CLANG_WARN_STRICT_PROTOTYPES = YES;
				CLANG_WARN_SUSPICIOUS_MOVE = YES;
				CLANG_WARN_UNGUARDED_AVAILABILITY = YES_AGGRESSIVE;
				CLANG_WARN_UNREACHABLE_CODE = YES;
				CLANG_WARN__DUPLICATE_METHOD_MATCH = YES;
				COPY_PHASE_STRIP = NO;
				DEBUG_INFORMATION_FORMAT = dwarf;
				ENABLE_STRICT_OBJC_MSGSEND = YES;
				ENABLE_TESTABILITY = YES;
				GCC_C_LANGUAGE_STANDARD = gnu11;
				GCC_DYNAMIC_NO_PIC = NO;
				GCC_NO_COMMON_BLOCKS = YES;
				GCC_OPTIMIZATION_LEVEL = 0;
				GCC_PREPROCESSOR_DEFINITIONS = (
					"DEBUG=1",
					"$(inherited)",
				);
				GCC_WARN_64_TO_32_BIT_CONVERSION = YES;
				GCC_WARN_ABOUT_RETURN_TYPE = YES_ERROR;
				GCC_WARN_UNDECLARED_SELECTOR = YES;
				GCC_WARN_UNINITIALIZED_AUTOS = YES_AGGRESSIVE;
				GCC_WARN_UNUSED_FUNCTION = YES;
				GCC_WARN_UNUSED_VARIABLE = YES;
				IPHONEOS_DEPLOYMENT_TARGET = 14.5;
				MTL_ENABLE_DEBUG_INFO = INCLUDE_SOURCE;
				MTL_FAST_MATH = YES;
				ONLY_ACTIVE_ARCH = YES;
				SDKROOT = iphoneos;
				SWIFT_ACTIVE_COMPILATION_CONDITIONS = DEBUG;
				SWIFT_OPTIMIZATION_LEVEL = "-Onone";
			};
			name = Debug;
		};
		9C3FDE9D26DFE657008579E7 /* Release */ = {
			isa = XCBuildConfiguration;
			buildSettings = {
				ALWAYS_SEARCH_USER_PATHS = NO;
				CLANG_ANALYZER_NONNULL = YES;
				CLANG_ANALYZER_NUMBER_OBJECT_CONVERSION = YES_AGGRESSIVE;
				CLANG_CXX_LANGUAGE_STANDARD = "gnu++14";
				CLANG_CXX_LIBRARY = "libc++";
				CLANG_ENABLE_MODULES = YES;
				CLANG_ENABLE_OBJC_ARC = YES;
				CLANG_ENABLE_OBJC_WEAK = YES;
				CLANG_WARN_BLOCK_CAPTURE_AUTORELEASING = YES;
				CLANG_WARN_BOOL_CONVERSION = YES;
				CLANG_WARN_COMMA = YES;
				CLANG_WARN_CONSTANT_CONVERSION = YES;
				CLANG_WARN_DEPRECATED_OBJC_IMPLEMENTATIONS = YES;
				CLANG_WARN_DIRECT_OBJC_ISA_USAGE = YES_ERROR;
				CLANG_WARN_DOCUMENTATION_COMMENTS = YES;
				CLANG_WARN_EMPTY_BODY = YES;
				CLANG_WARN_ENUM_CONVERSION = YES;
				CLANG_WARN_INFINITE_RECURSION = YES;
				CLANG_WARN_INT_CONVERSION = YES;
				CLANG_WARN_NON_LITERAL_NULL_CONVERSION = YES;
				CLANG_WARN_OBJC_IMPLICIT_RETAIN_SELF = YES;
				CLANG_WARN_OBJC_LITERAL_CONVERSION = YES;
				CLANG_WARN_OBJC_ROOT_CLASS = YES_ERROR;
				CLANG_WARN_QUOTED_INCLUDE_IN_FRAMEWORK_HEADER = YES;
				CLANG_WARN_RANGE_LOOP_ANALYSIS = YES;
				CLANG_WARN_STRICT_PROTOTYPES = YES;
				CLANG_WARN_SUSPICIOUS_MOVE = YES;
				CLANG_WARN_UNGUARDED_AVAILABILITY = YES_AGGRESSIVE;
				CLANG_WARN_UNREACHABLE_CODE = YES;
				CLANG_WARN__DUPLICATE_METHOD_MATCH = YES;
				COPY_PHASE_STRIP = NO;
				DEBUG_INFORMATION_FORMAT = "dwarf-with-dsym";
				ENABLE_NS_ASSERTIONS = NO;
				ENABLE_STRICT_OBJC_MSGSEND = YES;
				GCC_C_LANGUAGE_STANDARD = gnu11;
				GCC_NO_COMMON_BLOCKS = YES;
				GCC_WARN_64_TO_32_BIT_CONVERSION = YES;
				GCC_WARN_ABOUT_RETURN_TYPE = YES_ERROR;
				GCC_WARN_UNDECLARED_SELECTOR = YES;
				GCC_WARN_UNINITIALIZED_AUTOS = YES_AGGRESSIVE;
				GCC_WARN_UNUSED_FUNCTION = YES;
				GCC_WARN_UNUSED_VARIABLE = YES;
				IPHONEOS_DEPLOYMENT_TARGET = 14.5;
				MTL_ENABLE_DEBUG_INFO = NO;
				MTL_FAST_MATH = YES;
				SDKROOT = iphoneos;
				SWIFT_COMPILATION_MODE = wholemodule;
				SWIFT_OPTIMIZATION_LEVEL = "-O";
				VALIDATE_PRODUCT = YES;
			};
			name = Release;
		};
		9C3FDE9F26DFE657008579E7 /* Debug */ = {
			isa = XCBuildConfiguration;
			buildSettings = {
				ASSETCATALOG_COMPILER_APPICON_NAME = AppIcon;
				ASSETCATALOG_COMPILER_GLOBAL_ACCENT_COLOR_NAME = AccentColor;
				CODE_SIGN_STYLE = Automatic;
				DEVELOPMENT_TEAM = RM4A5PXTUX;
				INFOPLIST_FILE = StringsDesignSample/Info.plist;
				LD_RUNPATH_SEARCH_PATHS = (
					"$(inherited)",
					"@executable_path/Frameworks",
				);
				PRODUCT_BUNDLE_IDENTIFIER = kr.tez.test.StringsDesignSample;
				PRODUCT_NAME = "$(TARGET_NAME)";
				SWIFT_VERSION = 5.0;
				TARGETED_DEVICE_FAMILY = "1,2";
			};
			name = Debug;
		};
		9C3FDEA026DFE657008579E7 /* Release */ = {
			isa = XCBuildConfiguration;
			buildSettings = {
				ASSETCATALOG_COMPILER_APPICON_NAME = AppIcon;
				ASSETCATALOG_COMPILER_GLOBAL_ACCENT_COLOR_NAME = AccentColor;
				CODE_SIGN_STYLE = Automatic;
				DEVELOPMENT_TEAM = RM4A5PXTUX;
				INFOPLIST_FILE = StringsDesignSample/Info.plist;
				LD_RUNPATH_SEARCH_PATHS = (
					"$(inherited)",
					"@executable_path/Frameworks",
				);
				PRODUCT_BUNDLE_IDENTIFIER = kr.tez.test.StringsDesignSample;
				PRODUCT_NAME = "$(TARGET_NAME)";
				SWIFT_VERSION = 5.0;
				TARGETED_DEVICE_FAMILY = "1,2";
			};
			name = Release;
		};
		9C3FDEA226DFE657008579E7 /* Debug */ = {
			isa = XCBuildConfiguration;
			buildSettings = {
				ALWAYS_EMBED_SWIFT_STANDARD_LIBRARIES = YES;
				BUNDLE_LOADER = "$(TEST_HOST)";
				CODE_SIGN_STYLE = Automatic;
				DEVELOPMENT_TEAM = RM4A5PXTUX;
				INFOPLIST_FILE = StringsDesignSampleTests/Info.plist;
				IPHONEOS_DEPLOYMENT_TARGET = 14.5;
				LD_RUNPATH_SEARCH_PATHS = (
					"$(inherited)",
					"@executable_path/Frameworks",
					"@loader_path/Frameworks",
				);
				PRODUCT_BUNDLE_IDENTIFIER = kr.tez.test.StringsDesignSampleTests;
				PRODUCT_NAME = "$(TARGET_NAME)";
				SWIFT_VERSION = 5.0;
				TARGETED_DEVICE_FAMILY = "1,2";
				TEST_HOST = "$(BUILT_PRODUCTS_DIR)/StringsDesignSample.app/StringsDesignSample";
			};
			name = Debug;
		};
		9C3FDEA326DFE657008579E7 /* Release */ = {
			isa = XCBuildConfiguration;
			buildSettings = {
				ALWAYS_EMBED_SWIFT_STANDARD_LIBRARIES = YES;
				BUNDLE_LOADER = "$(TEST_HOST)";
				CODE_SIGN_STYLE = Automatic;
				DEVELOPMENT_TEAM = RM4A5PXTUX;
				INFOPLIST_FILE = StringsDesignSampleTests/Info.plist;
				IPHONEOS_DEPLOYMENT_TARGET = 14.5;
				LD_RUNPATH_SEARCH_PATHS = (
					"$(inherited)",
					"@executable_path/Frameworks",
					"@loader_path/Frameworks",
				);
				PRODUCT_BUNDLE_IDENTIFIER = kr.tez.test.StringsDesignSampleTests;
				PRODUCT_NAME = "$(TARGET_NAME)";
				SWIFT_VERSION = 5.0;
				TARGETED_DEVICE_FAMILY = "1,2";
				TEST_HOST = "$(BUILT_PRODUCTS_DIR)/StringsDesignSample.app/StringsDesignSample";
			};
			name = Release;
		};
		9C3FDEA526DFE657008579E7 /* Debug */ = {
			isa = XCBuildConfiguration;
			buildSettings = {
				ALWAYS_EMBED_SWIFT_STANDARD_LIBRARIES = YES;
				CODE_SIGN_STYLE = Automatic;
				DEVELOPMENT_TEAM = RM4A5PXTUX;
				INFOPLIST_FILE = StringsDesignSampleUITests/Info.plist;
				LD_RUNPATH_SEARCH_PATHS = (
					"$(inherited)",
					"@executable_path/Frameworks",
					"@loader_path/Frameworks",
				);
				PRODUCT_BUNDLE_IDENTIFIER = kr.tez.test.StringsDesignSampleUITests;
				PRODUCT_NAME = "$(TARGET_NAME)";
				SWIFT_VERSION = 5.0;
				TARGETED_DEVICE_FAMILY = "1,2";
				TEST_TARGET_NAME = StringsDesignSample;
			};
			name = Debug;
		};
		9C3FDEA626DFE657008579E7 /* Release */ = {
			isa = XCBuildConfiguration;
			buildSettings = {
				ALWAYS_EMBED_SWIFT_STANDARD_LIBRARIES = YES;
				CODE_SIGN_STYLE = Automatic;
				DEVELOPMENT_TEAM = RM4A5PXTUX;
				INFOPLIST_FILE = StringsDesignSampleUITests/Info.plist;
				LD_RUNPATH_SEARCH_PATHS = (
					"$(inherited)",
					"@executable_path/Frameworks",
					"@loader_path/Frameworks",
				);
				PRODUCT_BUNDLE_IDENTIFIER = kr.tez.test.StringsDesignSampleUITests;
				PRODUCT_NAME = "$(TARGET_NAME)";
				SWIFT_VERSION = 5.0;
				TARGETED_DEVICE_FAMILY = "1,2";
				TEST_TARGET_NAME = StringsDesignSample;
			};
			name = Release;
		};
/* End XCBuildConfiguration section */

/* Begin XCConfigurationList section */
		9C3FDE6F26DFE654008579E7 /* Build configuration list for PBXProject "StringsDesignSample" */ = {
			isa = XCConfigurationList;
			buildConfigurations = (
				9C3FDE9C26DFE657008579E7 /* Debug */,
				9C3FDE9D26DFE657008579E7 /* Release */,
			);
			defaultConfigurationIsVisible = 0;
			defaultConfigurationName = Release;
		};
		9C3FDE9E26DFE657008579E7 /* Build configuration list for PBXNativeTarget "StringsDesignSample" */ = {
			isa = XCConfigurationList;
			buildConfigurations = (
				9C3FDE9F26DFE657008579E7 /* Debug */,
				9C3FDEA026DFE657008579E7 /* Release */,
			);
			defaultConfigurationIsVisible = 0;
			defaultConfigurationName = Release;
		};
		9C3FDEA126DFE657008579E7 /* Build configuration list for PBXNativeTarget "StringsDesignSampleTests" */ = {
			isa = XCConfigurationList;
			buildConfigurations = (
				9C3FDEA226DFE657008579E7 /* Debug */,
				9C3FDEA326DFE657008579E7 /* Release */,
			);
			defaultConfigurationIsVisible = 0;
			defaultConfigurationName = Release;
		};
		9C3FDEA426DFE657008579E7 /* Build configuration list for PBXNativeTarget "StringsDesignSampleUITests" */ = {
			isa = XCConfigurationList;
			buildConfigurations = (
				9C3FDEA526DFE657008579E7 /* Debug */,
				9C3FDEA626DFE657008579E7 /* Release */,
			);
			defaultConfigurationIsVisible = 0;
			defaultConfigurationName = Release;
		};
/* End XCConfigurationList section */
	};
	rootObject = 9C3FDE6C26DFE654008579E7 /* Project object */;
}
